
Microsoft Visual Studio Solution File, Format Version 12.00
# Visual Studio 15
VisualStudioVersion = 15.0.26124.0
MinimumVisualStudioVersion = 15.0.26124.0
Project("{FAE04EC0-301F-11D3-BF4B-00C04F79EFBC}") = "Api", "Api\Api.csproj", "{CA01900B-993A-4A6E-9A48-3EB98F11676C}"
EndProject
Project("{FAE04EC0-301F-11D3-BF4B-00C04F79EFBC}") = "EFRepository", "EFRepository\EFRepository.csproj", "{2ECAA149-FE7B-418A-8180-75A757491F73}"
EndProject
Project("{FAE04EC0-301F-11D3-BF4B-00C04F79EFBC}") = "Domain", "Domain\Domain.csproj", "{D15420F8-FDB3-44C6-8056-D593F5470920}"
EndProject
Project("{FAE04EC0-301F-11D3-BF4B-00C04F79EFBC}") = "Domain.Tests", "Domain.Tests\Domain.Tests.csproj", "{0DE16CD4-BDD8-4655-9A60-82015BB39C30}"
EndProject
Global
	GlobalSection(SolutionConfigurationPlatforms) = preSolution
		Debug|Any CPU = Debug|Any CPU
		Debug|x64 = Debug|x64
		Debug|x86 = Debug|x86
		Release|Any CPU = Release|Any CPU
		Release|x64 = Release|x64
		Release|x86 = Release|x86
	EndGlobalSection
	GlobalSection(SolutionProperties) = preSolution
		HideSolutionNode = FALSE
	EndGlobalSection
	GlobalSection(ProjectConfigurationPlatforms) = postSolution
		{2ECAA149-FE7B-418A-8180-75A757491F73}.Debug|Any CPU.ActiveCfg = Debug|Any CPU
		{2ECAA149-FE7B-418A-8180-75A757491F73}.Debug|Any CPU.Build.0 = Debug|Any CPU
		{2ECAA149-FE7B-418A-8180-75A757491F73}.Debug|x64.ActiveCfg = Debug|Any CPU
		{2ECAA149-FE7B-418A-8180-75A757491F73}.Debug|x64.Build.0 = Debug|Any CPU
		{2ECAA149-FE7B-418A-8180-75A757491F73}.Debug|x86.ActiveCfg = Debug|Any CPU
		{2ECAA149-FE7B-418A-8180-75A757491F73}.Debug|x86.Build.0 = Debug|Any CPU
		{2ECAA149-FE7B-418A-8180-75A757491F73}.Release|Any CPU.ActiveCfg = Release|Any CPU
		{2ECAA149-FE7B-418A-8180-75A757491F73}.Release|Any CPU.Build.0 = Release|Any CPU
		{2ECAA149-FE7B-418A-8180-75A757491F73}.Release|x64.ActiveCfg = Release|Any CPU
		{2ECAA149-FE7B-418A-8180-75A757491F73}.Release|x64.Build.0 = Release|Any CPU
		{2ECAA149-FE7B-418A-8180-75A757491F73}.Release|x86.ActiveCfg = Release|Any CPU
		{2ECAA149-FE7B-418A-8180-75A757491F73}.Release|x86.Build.0 = Release|Any CPU
		{CA01900B-993A-4A6E-9A48-3EB98F11676C}.Debug|Any CPU.ActiveCfg = Debug|Any CPU
		{CA01900B-993A-4A6E-9A48-3EB98F11676C}.Debug|Any CPU.Build.0 = Debug|Any CPU
		{CA01900B-993A-4A6E-9A48-3EB98F11676C}.Debug|x64.ActiveCfg = Debug|Any CPU
		{CA01900B-993A-4A6E-9A48-3EB98F11676C}.Debug|x64.Build.0 = Debug|Any CPU
		{CA01900B-993A-4A6E-9A48-3EB98F11676C}.Debug|x86.ActiveCfg = Debug|Any CPU
		{CA01900B-993A-4A6E-9A48-3EB98F11676C}.Debug|x86.Build.0 = Debug|Any CPU
		{CA01900B-993A-4A6E-9A48-3EB98F11676C}.Release|Any CPU.ActiveCfg = Release|Any CPU
		{CA01900B-993A-4A6E-9A48-3EB98F11676C}.Release|Any CPU.Build.0 = Release|Any CPU
		{CA01900B-993A-4A6E-9A48-3EB98F11676C}.Release|x64.ActiveCfg = Release|Any CPU
		{CA01900B-993A-4A6E-9A48-3EB98F11676C}.Release|x64.Build.0 = Release|Any CPU
		{CA01900B-993A-4A6E-9A48-3EB98F11676C}.Release|x86.ActiveCfg = Release|Any CPU
		{CA01900B-993A-4A6E-9A48-3EB98F11676C}.Release|x86.Build.0 = Release|Any CPU
		{D15420F8-FDB3-44C6-8056-D593F5470920}.Debug|Any CPU.ActiveCfg = Debug|Any CPU
		{D15420F8-FDB3-44C6-8056-D593F5470920}.Debug|Any CPU.Build.0 = Debug|Any CPU
		{D15420F8-FDB3-44C6-8056-D593F5470920}.Debug|x64.ActiveCfg = Debug|Any CPU
		{D15420F8-FDB3-44C6-8056-D593F5470920}.Debug|x64.Build.0 = Debug|Any CPU
		{D15420F8-FDB3-44C6-8056-D593F5470920}.Debug|x86.ActiveCfg = Debug|Any CPU
		{D15420F8-FDB3-44C6-8056-D593F5470920}.Debug|x86.Build.0 = Debug|Any CPU
		{D15420F8-FDB3-44C6-8056-D593F5470920}.Release|Any CPU.ActiveCfg = Release|Any CPU
		{D15420F8-FDB3-44C6-8056-D593F5470920}.Release|Any CPU.Build.0 = Release|Any CPU
		{D15420F8-FDB3-44C6-8056-D593F5470920}.Release|x64.ActiveCfg = Release|Any CPU
		{D15420F8-FDB3-44C6-8056-D593F5470920}.Release|x64.Build.0 = Release|Any CPU
		{D15420F8-FDB3-44C6-8056-D593F5470920}.Release|x86.ActiveCfg = Release|Any CPU
		{D15420F8-FDB3-44C6-8056-D593F5470920}.Release|x86.Build.0 = Release|Any CPU
		{0DE16CD4-BDD8-4655-9A60-82015BB39C30}.Debug|Any CPU.ActiveCfg = Debug|Any CPU
		{0DE16CD4-BDD8-4655-9A60-82015BB39C30}.Debug|Any CPU.Build.0 = Debug|Any CPU
		{0DE16CD4-BDD8-4655-9A60-82015BB39C30}.Debug|x64.ActiveCfg = Debug|Any CPU
		{0DE16CD4-BDD8-4655-9A60-82015BB39C30}.Debug|x64.Build.0 = Debug|Any CPU
		{0DE16CD4-BDD8-4655-9A60-82015BB39C30}.Debug|x86.ActiveCfg = Debug|Any CPU
		{0DE16CD4-BDD8-4655-9A60-82015BB39C30}.Debug|x86.Build.0 = Debug|Any CPU
		{0DE16CD4-BDD8-4655-9A60-82015BB39C30}.Release|Any CPU.ActiveCfg = Release|Any CPU
		{0DE16CD4-BDD8-4655-9A60-82015BB39C30}.Release|Any CPU.Build.0 = Release|Any CPU
		{0DE16CD4-BDD8-4655-9A60-82015BB39C30}.Release|x64.ActiveCfg = Release|Any CPU
		{0DE16CD4-BDD8-4655-9A60-82015BB39C30}.Release|x64.Build.0 = Release|Any CPU
		{0DE16CD4-BDD8-4655-9A60-82015BB39C30}.Release|x86.ActiveCfg = Release|Any CPU
		{0DE16CD4-BDD8-4655-9A60-82015BB39C30}.Release|x86.Build.0 = Release|Any CPU
	EndGlobalSection
EndGlobal
